# This file is automatically @generated by Cargo.
# It is not intended for manual editing.
version = 3

[[package]]
name = "sasso"
version = "0.6.0"
source = "registry+https://github.com/rust-lang/crates.io-index"
checksum = "83097b3d397d2788442c22b10a20a173a771808342e595cef26241bac803eb07"

[[package]]
name = "sasso-native"
version = "0.6.0"
dependencies = [
 "sasso",
]
